
Microsoft Visual Studio Solution File, Format Version 12.00
# Visual Studio 15
VisualStudioVersion = 15.0.28307.106
MinimumVisualStudioVersion = 10.0.40219.1
Project("{FAE04EC0-301F-11D3-BF4B-00C04F79EFBC}") = "Best Plane Ticket", "Best Plane Ticket\Best Plane Ticket.csproj", "{3F4A7C09-F20D-4283-A9D6-785F43EE70DF}"
EndProject
Global
	GlobalSection(SolutionConfigurationPlatforms) = preSolution
		Debug|Any CPU = Debug|Any CPU
		Release|Any CPU = Release|Any CPU
	EndGlobalSection
	GlobalSection(ProjectConfigurationPlatforms) = postSolution
		{3F4A7C09-F20D-4283-A9D6-785F43EE70DF}.Debug|Any CPU.ActiveCfg = Debug|Any CPU
		{3F4A7C09-F20D-4283-A9D6-785F43EE70DF}.Debug|Any CPU.Build.0 = Debug|Any CPU
		{3F4A7C09-F20D-4283-A9D6-785F43EE70DF}.Release|Any CPU.ActiveCfg = Release|Any CPU
		{3F4A7C09-F20D-4283-A9D6-785F43EE70DF}.Release|Any CPU.Build.0 = Release|Any CPU
	EndGlobalSection
	GlobalSection(SolutionProperties) = preSolution
		HideSolutionNode = FALSE
	EndGlobalSection
	GlobalSection(ExtensibilityGlobals) = postSolution
		SolutionGuid = {0D2FA663-814B-45AB-AAE4-C28FC49685F8}
	EndGlobalSection
EndGlobal
